
Microsoft Visual Studio Solution File, Format Version 12.00
# Visual Studio Version 16
VisualStudioVersion = 16.0.29519.181
MinimumVisualStudioVersion = 10.0.40219.1
Project("{FAE04EC0-301F-11D3-BF4B-00C04F79EFBC}") = "Danfoss", "Danfoss.csproj", "{0F11E831-8D30-44B9-8DE4-0EBC90DACE79}"
EndProject
Project("{FAE04EC0-301F-11D3-BF4B-00C04F79EFBC}") = "Danfoss.Tests", "..\Danfoss.Tests\Danfoss.Tests.csproj", "{C18EA42B-1899-42AA-BC87-20959DECDC68}"
EndProject
Global
	GlobalSection(SolutionConfigurationPlatforms) = preSolution
		Debug|Any CPU = Debug|Any CPU
		Release|Any CPU = Release|Any CPU
	EndGlobalSection
	GlobalSection(ProjectConfigurationPlatforms) = postSolution
		{0F11E831-8D30-44B9-8DE4-0EBC90DACE79}.Debug|Any CPU.ActiveCfg = Debug|Any CPU
		{0F11E831-8D30-44B9-8DE4-0EBC90DACE79}.Debug|Any CPU.Build.0 = Debug|Any CPU
		{0F11E831-8D30-44B9-8DE4-0EBC90DACE79}.Release|Any CPU.ActiveCfg = Release|Any CPU
		{0F11E831-8D30-44B9-8DE4-0EBC90DACE79}.Release|Any CPU.Build.0 = Release|Any CPU
		{C18EA42B-1899-42AA-BC87-20959DECDC68}.Debug|Any CPU.ActiveCfg = Debug|Any CPU
		{C18EA42B-1899-42AA-BC87-20959DECDC68}.Debug|Any CPU.Build.0 = Debug|Any CPU
		{C18EA42B-1899-42AA-BC87-20959DECDC68}.Release|Any CPU.ActiveCfg = Release|Any CPU
		{C18EA42B-1899-42AA-BC87-20959DECDC68}.Release|Any CPU.Build.0 = Release|Any CPU
	EndGlobalSection
	GlobalSection(SolutionProperties) = preSolution
		HideSolutionNode = FALSE
	EndGlobalSection
	GlobalSection(ExtensibilityGlobals) = postSolution
		SolutionGuid = {6BB565F3-3D48-4FC0-8282-3ECD1B55872C}
	EndGlobalSection
EndGlobal
